
Microsoft Visual Studio Solution File, Format Version 12.00
# Visual Studio Version 17
VisualStudioVersion = 17.2.32630.192
MinimumVisualStudioVersion = 10.0.40219.1
Project("{FAE04EC0-301F-11D3-BF4B-00C04F79EFBC}") = "BlazorBase.Server", "BlazorBase\Server\BlazorBase.Server.csproj", "{872C14AF-5076-4C3F-ADDA-1C12DFF316E4}"
EndProject
Project("{FAE04EC0-301F-11D3-BF4B-00C04F79EFBC}") = "BlazorBase.Client", "BlazorBase\Client\BlazorBase.Client.csproj", "{51F8663A-727E-4D2E-B67F-3AF8133012CA}"
EndProject
Project("{FAE04EC0-301F-11D3-BF4B-00C04F79EFBC}") = "BlazorBase.Shared", "BlazorBase\Shared\BlazorBase.Shared.csproj", "{3E84D92C-DC16-4DA6-B48F-8340B5A31AF3}"
EndProject
Global
	GlobalSection(SolutionConfigurationPlatforms) = preSolution
		Debug|Any CPU = Debug|Any CPU
		Release|Any CPU = Release|Any CPU
	EndGlobalSection
	GlobalSection(ProjectConfigurationPlatforms) = postSolution
		{872C14AF-5076-4C3F-ADDA-1C12DFF316E4}.Debug|Any CPU.ActiveCfg = Debug|Any CPU
		{872C14AF-5076-4C3F-ADDA-1C12DFF316E4}.Debug|Any CPU.Build.0 = Debug|Any CPU
		{872C14AF-5076-4C3F-ADDA-1C12DFF316E4}.Release|Any CPU.ActiveCfg = Release|Any CPU
		{872C14AF-5076-4C3F-ADDA-1C12DFF316E4}.Release|Any CPU.Build.0 = Release|Any CPU
		{51F8663A-727E-4D2E-B67F-3AF8133012CA}.Debug|Any CPU.ActiveCfg = Debug|Any CPU
		{51F8663A-727E-4D2E-B67F-3AF8133012CA}.Debug|Any CPU.Build.0 = Debug|Any CPU
		{51F8663A-727E-4D2E-B67F-3AF8133012CA}.Release|Any CPU.ActiveCfg = Release|Any CPU
		{51F8663A-727E-4D2E-B67F-3AF8133012CA}.Release|Any CPU.Build.0 = Release|Any CPU
		{3E84D92C-DC16-4DA6-B48F-8340B5A31AF3}.Debug|Any CPU.ActiveCfg = Debug|Any CPU
		{3E84D92C-DC16-4DA6-B48F-8340B5A31AF3}.Debug|Any CPU.Build.0 = Debug|Any CPU
		{3E84D92C-DC16-4DA6-B48F-8340B5A31AF3}.Release|Any CPU.ActiveCfg = Release|Any CPU
		{3E84D92C-DC16-4DA6-B48F-8340B5A31AF3}.Release|Any CPU.Build.0 = Release|Any CPU
	EndGlobalSection
	GlobalSection(SolutionProperties) = preSolution
		HideSolutionNode = FALSE
	EndGlobalSection
	GlobalSection(ExtensibilityGlobals) = postSolution
		SolutionGuid = {5CFDAF1F-67DE-44D4-8306-C77EB140B172}
	EndGlobalSection
EndGlobal
